
Microsoft Visual Studio Solution File, Format Version 12.00
# Visual Studio Version 17
VisualStudioVersion = 17.9.34728.123
MinimumVisualStudioVersion = 10.0.40219.1
Project("{8BC9CEB8-8B4A-11D0-8D11-00A0C91BC942}") = "c.6", "c.6\c.6.vcxproj", "{E9F08598-37BE-4F59-9C86-8B0A7A4B72A9}"
EndProject
Global
	GlobalSection(SolutionConfigurationPlatforms) = preSolution
		Debug|x64 = Debug|x64
		Debug|x86 = Debug|x86
		Release|x64 = Release|x64
		Release|x86 = Release|x86
	EndGlobalSection
	GlobalSection(ProjectConfigurationPlatforms) = postSolution
		{E9F08598-37BE-4F59-9C86-8B0A7A4B72A9}.Debug|x64.ActiveCfg = Debug|x64
		{E9F08598-37BE-4F59-9C86-8B0A7A4B72A9}.Debug|x64.Build.0 = Debug|x64
		{E9F08598-37BE-4F59-9C86-8B0A7A4B72A9}.Debug|x86.ActiveCfg = Debug|Win32
		{E9F08598-37BE-4F59-9C86-8B0A7A4B72A9}.Debug|x86.Build.0 = Debug|Win32
		{E9F08598-37BE-4F59-9C86-8B0A7A4B72A9}.Release|x64.ActiveCfg = Release|x64
		{E9F08598-37BE-4F59-9C86-8B0A7A4B72A9}.Release|x64.Build.0 = Release|x64
		{E9F08598-37BE-4F59-9C86-8B0A7A4B72A9}.Release|x86.ActiveCfg = Release|Win32
		{E9F08598-37BE-4F59-9C86-8B0A7A4B72A9}.Release|x86.Build.0 = Release|Win32
	EndGlobalSection
	GlobalSection(SolutionProperties) = preSolution
		HideSolutionNode = FALSE
	EndGlobalSection
	GlobalSection(ExtensibilityGlobals) = postSolution
		SolutionGuid = {D975EAB8-ABD6-4270-A2F5-7E4712698722}
	EndGlobalSection
EndGlobal
